
Microsoft Visual Studio Solution File, Format Version 12.00
# Visual Studio Version 17
VisualStudioVersion = 17.5.33424.131
MinimumVisualStudioVersion = 10.0.40219.1
Project("{FAE04EC0-301F-11D3-BF4B-00C04F79EFBC}") = "28.7", "28.7\28.7.csproj", "{D34D7C6C-E331-4867-9FF0-85F150CA7C1B}"
EndProject
Global
	GlobalSection(SolutionConfigurationPlatforms) = preSolution
		Debug|Any CPU = Debug|Any CPU
		Release|Any CPU = Release|Any CPU
	EndGlobalSection
	GlobalSection(ProjectConfigurationPlatforms) = postSolution
		{D34D7C6C-E331-4867-9FF0-85F150CA7C1B}.Debug|Any CPU.ActiveCfg = Debug|Any CPU
		{D34D7C6C-E331-4867-9FF0-85F150CA7C1B}.Debug|Any CPU.Build.0 = Debug|Any CPU
		{D34D7C6C-E331-4867-9FF0-85F150CA7C1B}.Release|Any CPU.ActiveCfg = Release|Any CPU
		{D34D7C6C-E331-4867-9FF0-85F150CA7C1B}.Release|Any CPU.Build.0 = Release|Any CPU
	EndGlobalSection
	GlobalSection(SolutionProperties) = preSolution
		HideSolutionNode = FALSE
	EndGlobalSection
	GlobalSection(ExtensibilityGlobals) = postSolution
		SolutionGuid = {9C8998E7-AD25-4294-81E4-EC59E871B6E7}
	EndGlobalSection
EndGlobal
